
Microsoft Visual Studio Solution File, Format Version 12.00
# Visual Studio 15
Project("{FAE04EC0-301F-11D3-BF4B-00C04F79EFBC}") = "zx", "zx.csproj", "{BB5FE3A4-47A4-47F4-BAB9-C14F5E59816A}"
EndProject
Global
	GlobalSection(SolutionConfigurationPlatforms) = preSolution
		Debug|Any CPU = Debug|Any CPU
		Release|Any CPU = Release|Any CPU
	EndGlobalSection
	GlobalSection(ProjectConfigurationPlatforms) = postSolution
		{BB5FE3A4-47A4-47F4-BAB9-C14F5E59816A}.Debug|Any CPU.ActiveCfg = Debug|Any CPU
		{BB5FE3A4-47A4-47F4-BAB9-C14F5E59816A}.Debug|Any CPU.Build.0 = Debug|Any CPU
		{BB5FE3A4-47A4-47F4-BAB9-C14F5E59816A}.Release|Any CPU.ActiveCfg = Release|Any CPU
		{BB5FE3A4-47A4-47F4-BAB9-C14F5E59816A}.Release|Any CPU.Build.0 = Release|Any CPU
	EndGlobalSection
EndGlobal
